
Microsoft Visual Studio Solution File, Format Version 12.00
# Visual Studio Version 17
VisualStudioVersion = 17.7.34031.279
MinimumVisualStudioVersion = 10.0.40219.1
Project("{FAE04EC0-301F-11D3-BF4B-00C04F79EFBC}") = "myproject", "myproject\myproject.csproj", "{BFE1BC3C-2C43-4ED0-A3AC-215465EFDDC1}"
EndProject
Global
	GlobalSection(SolutionConfigurationPlatforms) = preSolution
		Debug|Any CPU = Debug|Any CPU
		Release|Any CPU = Release|Any CPU
	EndGlobalSection
	GlobalSection(ProjectConfigurationPlatforms) = postSolution
		{BFE1BC3C-2C43-4ED0-A3AC-215465EFDDC1}.Debug|Any CPU.ActiveCfg = Debug|Any CPU
		{BFE1BC3C-2C43-4ED0-A3AC-215465EFDDC1}.Debug|Any CPU.Build.0 = Debug|Any CPU
		{BFE1BC3C-2C43-4ED0-A3AC-215465EFDDC1}.Release|Any CPU.ActiveCfg = Release|Any CPU
		{BFE1BC3C-2C43-4ED0-A3AC-215465EFDDC1}.Release|Any CPU.Build.0 = Release|Any CPU
	EndGlobalSection
	GlobalSection(SolutionProperties) = preSolution
		HideSolutionNode = FALSE
	EndGlobalSection
	GlobalSection(ExtensibilityGlobals) = postSolution
		SolutionGuid = {6115799F-DD6D-4C8D-A7A4-88410EEA8146}
	EndGlobalSection
EndGlobal
